github.com/fernando-g-fraga/dog v0.0.0-20240724143030-2b0c8cff7078 h1:iaIUObvsT487VElt4VxjOyn6CcPGQwVO3wjqhR4lykY=
github.com/fernando-g-fraga/dog v0.0.0-20240724143030-2b0c8cff7078/go.mod h1:YDN6eLSTiHio7VlvyoXP5NBxOEAooeTIt6k0j36Ob8k=
github.com/fernando-g-fraga/puppy v1.0.0 h1:zZ1+W0LYuSJG5lKtM8oI29HdnTAH8OVE8Ts3n+SCrwE=
github.com/fernando-g-fraga/puppy v1.0.0/go.mod h1:07KxHowXmkrFXV7ydjHLQVs8cwGGE462Lze+pmoX/CY=
github.com/fernando-g-fraga/puppy v1.2.0 h1:eadpA3jRMAaKi1QtPpbPn8lM5zMhqNIQPSs+9sfOvVA=
github.com/fernando-g-fraga/puppy v1.2.0/go.mod h1:07KxHowXmkrFXV7ydjHLQVs8cwGGE462Lze+pmoX/CY=
github.com/fernando-g-fraga/puppy v1.3.0 h1:0RGeJGCYjmdxuljBL+fDofZki0Eu230gCXz5fS/EPO8=
github.com/fernando-g-fraga/puppy v1.3.0/go.mod h1:07KxHowXmkrFXV7ydjHLQVs8cwGGE462Lze+pmoX/CY=
golang.org/x/exp v0.0.0-20240719175910-8a7402abbf56 h1:2dVuKD2vS7b0QIHQbpyTISPd0LeHDbnYEryqj5Q1ug8=
golang.org/x/exp v0.0.0-20240719175910-8a7402abbf56/go.mod h1:M4RDyNAINzryxdtnbRXRL/OHtkFuWGRjvuhBJpk2IlY=
